{
  "name": "Blockchain",
  "lockfileVersion": 2,
  "requires": true,
  "packages": {
    "": {
      "dependencies": {
        "@openzeppelin/contracts": "^4.7.3",
        "dotenv": "^16.0.3"
      }
    },
    "node_modules/@openzeppelin/contracts": {
      "version": "4.7.3",
      "resolved": "https://registry.npmjs.org/@openzeppelin/contracts/-/contracts-4.7.3.tgz",
      "integrity": "sha512-dGRS0agJzu8ybo44pCIf3xBaPQN/65AIXNgK8+4gzKd5kbvlqyxryUYVLJv7fK98Seyd2hDZzVEHSWAh0Bt1Yw=="
    },
    "node_modules/dotenv": {
      "version": "16.0.3",
      "resolved": "https://registry.npmjs.org/dotenv/-/dotenv-16.0.3.tgz",
      "integrity": "sha512-7GO6HghkA5fYG9TYnNxi14/7K9f5occMlp3zXAuSxn7CKCxt9xbNWG7yF8hTCSUchlfWSe3uLmlPfigevRItzQ==",
      "engines": {
        "node": ">=12"
      }
    }
  },
  "dependencies": {
    "@openzeppelin/contracts": {
      "version": "4.7.3",
      "resolved": "https://registry.npmjs.org/@openzeppelin/contracts/-/contracts-4.7.3.tgz",
      "integrity": "sha512-dGRS0agJzu8ybo44pCIf3xBaPQN/65AIXNgK8+4gzKd5kbvlqyxryUYVLJv7fK98Seyd2hDZzVEHSWAh0Bt1Yw=="
    },
    "dotenv": {
      "version": "16.0.3",
      "resolved": "https://registry.npmjs.org/dotenv/-/dotenv-16.0.3.tgz",
      "integrity": "sha512-7GO6HghkA5fYG9TYnNxi14/7K9f5occMlp3zXAuSxn7CKCxt9xbNWG7yF8hTCSUchlfWSe3uLmlPfigevRItzQ=="
    }
  }
}
